{
    "_meta": {
        "hash": {
            "sha256": "2c3c95c5e17aaa5a1a5d6c23a52ff200e99e7f37ac431fbe1592e4d5da29cd34"
        },
        "pipfile-spec": 6,
        "requires": {
            "python_version": "3.7"
        },
        "sources": [
            {
                "name": "pypi",
                "url": "https://pypi.org/simple",
                "verify_ssl": true
            }
        ]
    },
    "default": {
        "certifi": {
            "hashes": [
                "sha256:339dc09518b07e2fa7eda5450740925974815557727d6bd35d319c1524a04a4c",
                "sha256:6d58c986d22b038c8c0df30d639f23a3e6d172a05c3583e766f4c0b785c0986a"
            ],
            "version": "==2018.10.15"
        },
        "chardet": {
            "hashes": [
                "sha256:84ab92ed1c4d4f16916e05906b6b75a6c0fb5db821cc65e70cbd64a3e2a5eaae",
                "sha256:fc323ffcaeaed0e0a02bf4d117757b98aed530d9ed4531e3e15460124c106691"
            ],
            "version": "==3.0.4"
        },
        "deprecated": {
            "hashes": [
                "sha256:8bfeba6e630abf42b5d111b68a05f7fe3d6de7004391b3cd614947594f87a4ff",
                "sha256:b784e0ca85a8c1e694d77e545c10827bd99772392e79d5f5442e761515a1246e"
            ],
            "version": "==1.2.4"
        },
        "discord-py": {
            "git": "https://github.com/Rapptz/discord.py",
            "ref": "860d6a9ace8248dfeec18b8b159e7b757d9f56bb"
        },
        "discord.py": {
            "git": "https://github.com/Rapptz/discord.py",
            "ref": "rewrite"
        },
        "html2text": {
            "hashes": [
                "sha256:490db40fe5b2cd79c461cf56be4d39eb8ca68191ae41ba3ba79f6cb05b7dd662",
                "sha256:627514fb30e7566b37be6900df26c2c78a030cc9e6211bda604d8181233bcdd4"
            ],
            "index": "pypi",
            "version": "==2018.1.9"
        },
        "idna": {
            "hashes": [
                "sha256:156a6814fb5ac1fc6850fb002e0852d56c0c8d2531923a51032d1b70760e186e",
                "sha256:684a38a6f903c1d71d6d5fac066b58d7768af4de2b832e426ec79c30daa94a16"
            ],
            "version": "==2.7"
        },
        "pygithub": {
            "hashes": [
                "sha256:70d90139f61a3d88417ff15eaca6150d0b3ba7ef0dc59589ea3719c3ce518ef6"
            ],
            "index": "pypi",
            "version": "==1.43.3"
        },
        "pyjwt": {
            "hashes": [
                "sha256:30b1380ff43b55441283cc2b2676b755cca45693ae3097325dea01f3d110628c",
                "sha256:4ee413b357d53fd3fb44704577afac88e72e878716116270d722723d65b42176"
            ],
            "version": "==1.6.4"
        },
        "requests": {
            "hashes": [
                "sha256:65b3a120e4329e33c9889db89c80976c5272f56ea92d3e74da8a463992e3ff54",
                "sha256:ea881206e59f41dbd0bd445437d792e43906703fff75ca8ff43ccdb11f33f263"
            ],
            "index": "pypi",
            "version": "==2.20.1"
        },
        "urllib3": {
            "hashes": [
                "sha256:61bf29cada3fc2fbefad4fdf059ea4bd1b4a86d2b6d15e1c7c0b582b9752fe39",
                "sha256:de9529817c93f27c8ccbfead6985011db27bd0ddfcdb2d86f3f663385c6a9c22"
            ],
            "version": "==1.24.1"
        },
        "wrapt": {
            "hashes": [
                "sha256:d4d560d479f2c21e1b5443bbd15fe7ec4b37fe7e53d335d3b9b0a7b1226fe3c6"
            ],
            "version": "==1.10.11"
        }
    },
    "develop": {
        "pep8": {
            "hashes": [
                "sha256:b22cfae5db09833bb9bd7c8463b53e1a9c9b39f12e304a8d0bba729c501827ee",
                "sha256:fe249b52e20498e59e0b5c5256aa52ee99fc295b26ec9eaa85776ffdb9fe6374"
            ],
            "index": "pypi",
            "version": "==1.7.1"
        }
    }
}
